
Microsoft Visual Studio Solution File, Format Version 12.00
# Visual Studio Version 17
VisualStudioVersion = 17.7.34221.43
MinimumVisualStudioVersion = 10.0.40219.1
Project("{FAE04EC0-301F-11D3-BF4B-00C04F79EFBC}") = "ChartsLibrary", "ChartsLibrary\ChartsLibrary.csproj", "{CAAB517F-1103-482C-9D9B-8A302250737D}"
EndProject
Project("{FAE04EC0-301F-11D3-BF4B-00C04F79EFBC}") = "ChartsTestingUI", "ChartsTestingUI\ChartsTestingUI.csproj", "{C46DE1F3-720C-4C8D-A3CE-0D239FF82680}"
EndProject
Global
	GlobalSection(SolutionConfigurationPlatforms) = preSolution
		Debug|Any CPU = Debug|Any CPU
		Release|Any CPU = Release|Any CPU
	EndGlobalSection
	GlobalSection(ProjectConfigurationPlatforms) = postSolution
		{CAAB517F-1103-482C-9D9B-8A302250737D}.Debug|Any CPU.ActiveCfg = Debug|Any CPU
		{CAAB517F-1103-482C-9D9B-8A302250737D}.Debug|Any CPU.Build.0 = Debug|Any CPU
		{CAAB517F-1103-482C-9D9B-8A302250737D}.Release|Any CPU.ActiveCfg = Release|Any CPU
		{CAAB517F-1103-482C-9D9B-8A302250737D}.Release|Any CPU.Build.0 = Release|Any CPU
		{C46DE1F3-720C-4C8D-A3CE-0D239FF82680}.Debug|Any CPU.ActiveCfg = Debug|Any CPU
		{C46DE1F3-720C-4C8D-A3CE-0D239FF82680}.Debug|Any CPU.Build.0 = Debug|Any CPU
		{C46DE1F3-720C-4C8D-A3CE-0D239FF82680}.Release|Any CPU.ActiveCfg = Release|Any CPU
		{C46DE1F3-720C-4C8D-A3CE-0D239FF82680}.Release|Any CPU.Build.0 = Release|Any CPU
	EndGlobalSection
	GlobalSection(SolutionProperties) = preSolution
		HideSolutionNode = FALSE
	EndGlobalSection
	GlobalSection(ExtensibilityGlobals) = postSolution
		SolutionGuid = {BD3D9DE3-84A1-420E-9DC5-ADC2D693D290}
	EndGlobalSection
EndGlobal
